
Microsoft Visual Studio Solution File, Format Version 12.00
# Visual Studio Version 17
VisualStudioVersion = 17.4.33110.190
MinimumVisualStudioVersion = 10.0.40219.1
Project("{9A19103F-16F7-4668-BE54-9A1E7A4F7556}") = "HomeworkTwoBlacatzAcademy", "HomeworkTwoBlacatzAcademy\HomeworkTwoBlacatzAcademy.csproj", "{56F5FD3B-A0C9-4085-804F-BCDA55B9E028}"
EndProject
Project("{9A19103F-16F7-4668-BE54-9A1E7A4F7556}") = "Task2", "Task2\Task2.csproj", "{57656BD3-D64E-4DA7-AB84-6AB27C1BC84F}"
EndProject
Project("{9A19103F-16F7-4668-BE54-9A1E7A4F7556}") = "Task 3", "Task 3\Task 3.csproj", "{C704757C-A1F6-4D3F-8651-F98E7C810279}"
EndProject
Project("{9A19103F-16F7-4668-BE54-9A1E7A4F7556}") = "Task 4", "Task 4\Task 4.csproj", "{0883DA10-1444-469D-8ED5-384FBACE4799}"
EndProject
Project("{9A19103F-16F7-4668-BE54-9A1E7A4F7556}") = "Task 5", "Task 6\Task 5.csproj", "{A62071F8-7234-468E-B9BA-18D198A07E8F}"
EndProject
Project("{9A19103F-16F7-4668-BE54-9A1E7A4F7556}") = "Task 7(Last task)", "Task 7(Last task)\Task 7(Last task).csproj", "{6FA6DEA8-63F0-4B0C-97DA-9483CA1E89EE}"
EndProject
Project("{FAE04EC0-301F-11D3-BF4B-00C04F79EFBC}") = "Task Six", "Task Six\Task Six.csproj", "{FC57904B-B647-4D0A-95C8-EB2CDF930742}"
EndProject
Global
	GlobalSection(SolutionConfigurationPlatforms) = preSolution
		Debug|Any CPU = Debug|Any CPU
		Release|Any CPU = Release|Any CPU
	EndGlobalSection
	GlobalSection(ProjectConfigurationPlatforms) = postSolution
		{56F5FD3B-A0C9-4085-804F-BCDA55B9E028}.Debug|Any CPU.ActiveCfg = Debug|Any CPU
		{56F5FD3B-A0C9-4085-804F-BCDA55B9E028}.Debug|Any CPU.Build.0 = Debug|Any CPU
		{56F5FD3B-A0C9-4085-804F-BCDA55B9E028}.Release|Any CPU.ActiveCfg = Release|Any CPU
		{56F5FD3B-A0C9-4085-804F-BCDA55B9E028}.Release|Any CPU.Build.0 = Release|Any CPU
		{57656BD3-D64E-4DA7-AB84-6AB27C1BC84F}.Debug|Any CPU.ActiveCfg = Debug|Any CPU
		{57656BD3-D64E-4DA7-AB84-6AB27C1BC84F}.Debug|Any CPU.Build.0 = Debug|Any CPU
		{57656BD3-D64E-4DA7-AB84-6AB27C1BC84F}.Release|Any CPU.ActiveCfg = Release|Any CPU
		{57656BD3-D64E-4DA7-AB84-6AB27C1BC84F}.Release|Any CPU.Build.0 = Release|Any CPU
		{C704757C-A1F6-4D3F-8651-F98E7C810279}.Debug|Any CPU.ActiveCfg = Debug|Any CPU
		{C704757C-A1F6-4D3F-8651-F98E7C810279}.Debug|Any CPU.Build.0 = Debug|Any CPU
		{C704757C-A1F6-4D3F-8651-F98E7C810279}.Release|Any CPU.ActiveCfg = Release|Any CPU
		{C704757C-A1F6-4D3F-8651-F98E7C810279}.Release|Any CPU.Build.0 = Release|Any CPU
		{0883DA10-1444-469D-8ED5-384FBACE4799}.Debug|Any CPU.ActiveCfg = Debug|Any CPU
		{0883DA10-1444-469D-8ED5-384FBACE4799}.Debug|Any CPU.Build.0 = Debug|Any CPU
		{0883DA10-1444-469D-8ED5-384FBACE4799}.Release|Any CPU.ActiveCfg = Release|Any CPU
		{0883DA10-1444-469D-8ED5-384FBACE4799}.Release|Any CPU.Build.0 = Release|Any CPU
		{A62071F8-7234-468E-B9BA-18D198A07E8F}.Debug|Any CPU.ActiveCfg = Debug|Any CPU
		{A62071F8-7234-468E-B9BA-18D198A07E8F}.Debug|Any CPU.Build.0 = Debug|Any CPU
		{A62071F8-7234-468E-B9BA-18D198A07E8F}.Release|Any CPU.ActiveCfg = Release|Any CPU
		{A62071F8-7234-468E-B9BA-18D198A07E8F}.Release|Any CPU.Build.0 = Release|Any CPU
		{6FA6DEA8-63F0-4B0C-97DA-9483CA1E89EE}.Debug|Any CPU.ActiveCfg = Debug|Any CPU
		{6FA6DEA8-63F0-4B0C-97DA-9483CA1E89EE}.Debug|Any CPU.Build.0 = Debug|Any CPU
		{6FA6DEA8-63F0-4B0C-97DA-9483CA1E89EE}.Release|Any CPU.ActiveCfg = Release|Any CPU
		{6FA6DEA8-63F0-4B0C-97DA-9483CA1E89EE}.Release|Any CPU.Build.0 = Release|Any CPU
		{FC57904B-B647-4D0A-95C8-EB2CDF930742}.Debug|Any CPU.ActiveCfg = Debug|Any CPU
		{FC57904B-B647-4D0A-95C8-EB2CDF930742}.Debug|Any CPU.Build.0 = Debug|Any CPU
		{FC57904B-B647-4D0A-95C8-EB2CDF930742}.Release|Any CPU.ActiveCfg = Release|Any CPU
		{FC57904B-B647-4D0A-95C8-EB2CDF930742}.Release|Any CPU.Build.0 = Release|Any CPU
	EndGlobalSection
	GlobalSection(SolutionProperties) = preSolution
		HideSolutionNode = FALSE
	EndGlobalSection
	GlobalSection(ExtensibilityGlobals) = postSolution
		SolutionGuid = {697C866E-BCC9-4AEE-A05A-8110BB2C6200}
	EndGlobalSection
EndGlobal
